
Microsoft Visual Studio Solution File, Format Version 12.00
# Visual Studio Version 17
Project("{8BC9CEB8-8B4A-11D0-8D11-00A0C91BC942}") = "ALL_BUILD", "ALL_BUILD.vcxproj", "{FCB9D6E1-88A3-3F95-B7DA-79E626896539}"
	ProjectSection(ProjectDependencies) = postProject
		{B8E799B6-BD4A-3804-8A8C-6EC875EB69FC} = {B8E799B6-BD4A-3804-8A8C-6EC875EB69FC}
		{FF15E900-F921-3138-9559-42E77F15D7FB} = {FF15E900-F921-3138-9559-42E77F15D7FB}
		{43B54419-5C89-377A-A7FE-26C153C0F648} = {43B54419-5C89-377A-A7FE-26C153C0F648}
		{6CA9A6FD-F524-36E1-AA6C-BC0781A09F1E} = {6CA9A6FD-F524-36E1-AA6C-BC0781A09F1E}
		{4DE6686C-23ED-302F-99DE-100E31474F51} = {4DE6686C-23ED-302F-99DE-100E31474F51}
		{F4EE9719-5039-3C35-BC77-6D9AEB2C25FE} = {F4EE9719-5039-3C35-BC77-6D9AEB2C25FE}
	EndProjectSection
EndProject
Project("{8BC9CEB8-8B4A-11D0-8D11-00A0C91BC942}") = "Jolt", "gui_client\Jolt.vcxproj", "{B8E799B6-BD4A-3804-8A8C-6EC875EB69FC}"
	ProjectSection(ProjectDependencies) = postProject
		{43B54419-5C89-377A-A7FE-26C153C0F648} = {43B54419-5C89-377A-A7FE-26C153C0F648}
	EndProjectSection
EndProject
Project("{8BC9CEB8-8B4A-11D0-8D11-00A0C91BC942}") = "Opus", "gui_client\Opus.vcxproj", "{FF15E900-F921-3138-9559-42E77F15D7FB}"
	ProjectSection(ProjectDependencies) = postProject
		{43B54419-5C89-377A-A7FE-26C153C0F648} = {43B54419-5C89-377A-A7FE-26C153C0F648}
	EndProjectSection
EndProject
Project("{8BC9CEB8-8B4A-11D0-8D11-00A0C91BC942}") = "ZERO_CHECK", "ZERO_CHECK.vcxproj", "{43B54419-5C89-377A-A7FE-26C153C0F648}"
	ProjectSection(ProjectDependencies) = postProject
	EndProjectSection
EndProject
Project("{8BC9CEB8-8B4A-11D0-8D11-00A0C91BC942}") = "gui_client", "gui_client\gui_client.vcxproj", "{6CA9A6FD-F524-36E1-AA6C-BC0781A09F1E}"
	ProjectSection(ProjectDependencies) = postProject
		{B8E799B6-BD4A-3804-8A8C-6EC875EB69FC} = {B8E799B6-BD4A-3804-8A8C-6EC875EB69FC}
		{FF15E900-F921-3138-9559-42E77F15D7FB} = {FF15E900-F921-3138-9559-42E77F15D7FB}
		{43B54419-5C89-377A-A7FE-26C153C0F648} = {43B54419-5C89-377A-A7FE-26C153C0F648}
		{4DE6686C-23ED-302F-99DE-100E31474F51} = {4DE6686C-23ED-302F-99DE-100E31474F51}
	EndProjectSection
EndProject
Project("{8BC9CEB8-8B4A-11D0-8D11-00A0C91BC942}") = "libs", "libs\libs.vcxproj", "{4DE6686C-23ED-302F-99DE-100E31474F51}"
	ProjectSection(ProjectDependencies) = postProject
		{43B54419-5C89-377A-A7FE-26C153C0F648} = {43B54419-5C89-377A-A7FE-26C153C0F648}
	EndProjectSection
EndProject
Project("{8BC9CEB8-8B4A-11D0-8D11-00A0C91BC942}") = "server", "server\server.vcxproj", "{F4EE9719-5039-3C35-BC77-6D9AEB2C25FE}"
	ProjectSection(ProjectDependencies) = postProject
		{43B54419-5C89-377A-A7FE-26C153C0F648} = {43B54419-5C89-377A-A7FE-26C153C0F648}
		{4DE6686C-23ED-302F-99DE-100E31474F51} = {4DE6686C-23ED-302F-99DE-100E31474F51}
	EndProjectSection
EndProject
Global
	GlobalSection(SolutionConfigurationPlatforms) = preSolution
		Debug|x64 = Debug|x64
		Release|x64 = Release|x64
		RelWithDebInfo|x64 = RelWithDebInfo|x64
	EndGlobalSection
	GlobalSection(ProjectConfigurationPlatforms) = postSolution
		{FCB9D6E1-88A3-3F95-B7DA-79E626896539}.Debug|x64.ActiveCfg = Debug|x64
		{FCB9D6E1-88A3-3F95-B7DA-79E626896539}.Release|x64.ActiveCfg = Release|x64
		{FCB9D6E1-88A3-3F95-B7DA-79E626896539}.RelWithDebInfo|x64.ActiveCfg = RelWithDebInfo|x64
		{B8E799B6-BD4A-3804-8A8C-6EC875EB69FC}.Debug|x64.ActiveCfg = Debug|x64
		{B8E799B6-BD4A-3804-8A8C-6EC875EB69FC}.Debug|x64.Build.0 = Debug|x64
		{B8E799B6-BD4A-3804-8A8C-6EC875EB69FC}.Release|x64.ActiveCfg = Release|x64
		{B8E799B6-BD4A-3804-8A8C-6EC875EB69FC}.Release|x64.Build.0 = Release|x64
		{B8E799B6-BD4A-3804-8A8C-6EC875EB69FC}.RelWithDebInfo|x64.ActiveCfg = RelWithDebInfo|x64
		{B8E799B6-BD4A-3804-8A8C-6EC875EB69FC}.RelWithDebInfo|x64.Build.0 = RelWithDebInfo|x64
		{FF15E900-F921-3138-9559-42E77F15D7FB}.Debug|x64.ActiveCfg = Debug|x64
		{FF15E900-F921-3138-9559-42E77F15D7FB}.Debug|x64.Build.0 = Debug|x64
		{FF15E900-F921-3138-9559-42E77F15D7FB}.Release|x64.ActiveCfg = Release|x64
		{FF15E900-F921-3138-9559-42E77F15D7FB}.Release|x64.Build.0 = Release|x64
		{FF15E900-F921-3138-9559-42E77F15D7FB}.RelWithDebInfo|x64.ActiveCfg = RelWithDebInfo|x64
		{FF15E900-F921-3138-9559-42E77F15D7FB}.RelWithDebInfo|x64.Build.0 = RelWithDebInfo|x64
		{43B54419-5C89-377A-A7FE-26C153C0F648}.Debug|x64.ActiveCfg = Debug|x64
		{43B54419-5C89-377A-A7FE-26C153C0F648}.Debug|x64.Build.0 = Debug|x64
		{43B54419-5C89-377A-A7FE-26C153C0F648}.Release|x64.ActiveCfg = Release|x64
		{43B54419-5C89-377A-A7FE-26C153C0F648}.Release|x64.Build.0 = Release|x64
		{43B54419-5C89-377A-A7FE-26C153C0F648}.RelWithDebInfo|x64.ActiveCfg = RelWithDebInfo|x64
		{43B54419-5C89-377A-A7FE-26C153C0F648}.RelWithDebInfo|x64.Build.0 = RelWithDebInfo|x64
		{6CA9A6FD-F524-36E1-AA6C-BC0781A09F1E}.Debug|x64.ActiveCfg = Debug|x64
		{6CA9A6FD-F524-36E1-AA6C-BC0781A09F1E}.Debug|x64.Build.0 = Debug|x64
		{6CA9A6FD-F524-36E1-AA6C-BC0781A09F1E}.Release|x64.ActiveCfg = Release|x64
		{6CA9A6FD-F524-36E1-AA6C-BC0781A09F1E}.Release|x64.Build.0 = Release|x64
		{6CA9A6FD-F524-36E1-AA6C-BC0781A09F1E}.RelWithDebInfo|x64.ActiveCfg = RelWithDebInfo|x64
		{6CA9A6FD-F524-36E1-AA6C-BC0781A09F1E}.RelWithDebInfo|x64.Build.0 = RelWithDebInfo|x64
		{4DE6686C-23ED-302F-99DE-100E31474F51}.Debug|x64.ActiveCfg = Debug|x64
		{4DE6686C-23ED-302F-99DE-100E31474F51}.Debug|x64.Build.0 = Debug|x64
		{4DE6686C-23ED-302F-99DE-100E31474F51}.Release|x64.ActiveCfg = Release|x64
		{4DE6686C-23ED-302F-99DE-100E31474F51}.Release|x64.Build.0 = Release|x64
		{4DE6686C-23ED-302F-99DE-100E31474F51}.RelWithDebInfo|x64.ActiveCfg = RelWithDebInfo|x64
		{4DE6686C-23ED-302F-99DE-100E31474F51}.RelWithDebInfo|x64.Build.0 = RelWithDebInfo|x64
		{F4EE9719-5039-3C35-BC77-6D9AEB2C25FE}.Debug|x64.ActiveCfg = Debug|x64
		{F4EE9719-5039-3C35-BC77-6D9AEB2C25FE}.Debug|x64.Build.0 = Debug|x64
		{F4EE9719-5039-3C35-BC77-6D9AEB2C25FE}.Release|x64.ActiveCfg = Release|x64
		{F4EE9719-5039-3C35-BC77-6D9AEB2C25FE}.Release|x64.Build.0 = Release|x64
		{F4EE9719-5039-3C35-BC77-6D9AEB2C25FE}.RelWithDebInfo|x64.ActiveCfg = RelWithDebInfo|x64
		{F4EE9719-5039-3C35-BC77-6D9AEB2C25FE}.RelWithDebInfo|x64.Build.0 = RelWithDebInfo|x64
	EndGlobalSection
	GlobalSection(ExtensibilityGlobals) = postSolution
		SolutionGuid = {201FC43F-969B-3AAD-B8EC-F720728D643C}
	EndGlobalSection
	GlobalSection(ExtensibilityAddIns) = postSolution
	EndGlobalSection
EndGlobal
