<?xml version="1.0" encoding="utf-8"?>
<Project ToolsVersion="17.0" xmlns="http://schemas.microsoft.com/developer/msbuild/2003">
  <ItemGroup>
    <ClCompile Include="C:\programming\substrata\opus\opus-1.3.1\src\analysis.c">
      <Filter>src</Filter>
    </ClCompile>
    <ClCompile Include="C:\programming\substrata\opus\opus-1.3.1\src\mapping_matrix.c">
      <Filter>src</Filter>
    </ClCompile>
    <ClCompile Include="C:\programming\substrata\opus\opus-1.3.1\src\mlp.c">
      <Filter>src</Filter>
    </ClCompile>
    <ClCompile Include="C:\programming\substrata\opus\opus-1.3.1\src\mlp_data.c">
      <Filter>src</Filter>
    </ClCompile>
    <ClCompile Include="C:\programming\substrata\opus\opus-1.3.1\src\opus.c">
      <Filter>src</Filter>
    </ClCompile>
    <ClCompile Include="C:\programming\substrata\opus\opus-1.3.1\src\opus_decoder.c">
      <Filter>src</Filter>
    </ClCompile>
    <ClCompile Include="C:\programming\substrata\opus\opus-1.3.1\src\opus_encoder.c">
      <Filter>src</Filter>
    </ClCompile>
    <ClCompile Include="C:\programming\substrata\opus\opus-1.3.1\src\opus_multistream.c">
      <Filter>src</Filter>
    </ClCompile>
    <ClCompile Include="C:\programming\substrata\opus\opus-1.3.1\src\opus_multistream_decoder.c">
      <Filter>src</Filter>
    </ClCompile>
    <ClCompile Include="C:\programming\substrata\opus\opus-1.3.1\src\opus_multistream_encoder.c">
      <Filter>src</Filter>
    </ClCompile>
    <ClCompile Include="C:\programming\substrata\opus\opus-1.3.1\src\opus_projection_decoder.c">
      <Filter>src</Filter>
    </ClCompile>
    <ClCompile Include="C:\programming\substrata\opus\opus-1.3.1\src\opus_projection_encoder.c">
      <Filter>src</Filter>
    </ClCompile>
    <ClCompile Include="C:\programming\substrata\opus\opus-1.3.1\src\repacketizer.c">
      <Filter>src</Filter>
    </ClCompile>
    <ClCompile Include="C:\programming\substrata\opus\opus-1.3.1\celt\bands.c">
      <Filter>celt</Filter>
    </ClCompile>
    <ClCompile Include="C:\programming\substrata\opus\opus-1.3.1\celt\celt.c">
      <Filter>celt</Filter>
    </ClCompile>
    <ClCompile Include="C:\programming\substrata\opus\opus-1.3.1\celt\celt_decoder.c">
      <Filter>celt</Filter>
    </ClCompile>
    <ClCompile Include="C:\programming\substrata\opus\opus-1.3.1\celt\celt_encoder.c">
      <Filter>celt</Filter>
    </ClCompile>
    <ClCompile Include="C:\programming\substrata\opus\opus-1.3.1\celt\celt_lpc.c">
      <Filter>celt</Filter>
    </ClCompile>
    <ClCompile Include="C:\programming\substrata\opus\opus-1.3.1\celt\cwrs.c">
      <Filter>celt</Filter>
    </ClCompile>
    <ClCompile Include="C:\programming\substrata\opus\opus-1.3.1\celt\entcode.c">
      <Filter>celt</Filter>
    </ClCompile>
    <ClCompile Include="C:\programming\substrata\opus\opus-1.3.1\celt\entdec.c">
      <Filter>celt</Filter>
    </ClCompile>
    <ClCompile Include="C:\programming\substrata\opus\opus-1.3.1\celt\entenc.c">
      <Filter>celt</Filter>
    </ClCompile>
    <ClCompile Include="C:\programming\substrata\opus\opus-1.3.1\celt\kiss_fft.c">
      <Filter>celt</Filter>
    </ClCompile>
    <ClCompile Include="C:\programming\substrata\opus\opus-1.3.1\celt\laplace.c">
      <Filter>celt</Filter>
    </ClCompile>
    <ClCompile Include="C:\programming\substrata\opus\opus-1.3.1\celt\mathops.c">
      <Filter>celt</Filter>
    </ClCompile>
    <ClCompile Include="C:\programming\substrata\opus\opus-1.3.1\celt\mdct.c">
      <Filter>celt</Filter>
    </ClCompile>
    <ClCompile Include="C:\programming\substrata\opus\opus-1.3.1\celt\modes.c">
      <Filter>celt</Filter>
    </ClCompile>
    <ClCompile Include="C:\programming\substrata\opus\opus-1.3.1\celt\pitch.c">
      <Filter>celt</Filter>
    </ClCompile>
    <ClCompile Include="C:\programming\substrata\opus\opus-1.3.1\celt\quant_bands.c">
      <Filter>celt</Filter>
    </ClCompile>
    <ClCompile Include="C:\programming\substrata\opus\opus-1.3.1\celt\rate.c">
      <Filter>celt</Filter>
    </ClCompile>
    <ClCompile Include="C:\programming\substrata\opus\opus-1.3.1\celt\vq.c">
      <Filter>celt</Filter>
    </ClCompile>
    <ClCompile Include="C:\programming\substrata\opus\opus-1.3.1\celt\x86\celt_lpc_sse4_1.c">
      <Filter>celt\x86</Filter>
    </ClCompile>
    <ClCompile Include="C:\programming\substrata\opus\opus-1.3.1\celt\x86\pitch_sse.c">
      <Filter>celt\x86</Filter>
    </ClCompile>
    <ClCompile Include="C:\programming\substrata\opus\opus-1.3.1\celt\x86\pitch_sse2.c">
      <Filter>celt\x86</Filter>
    </ClCompile>
    <ClCompile Include="C:\programming\substrata\opus\opus-1.3.1\celt\x86\pitch_sse4_1.c">
      <Filter>celt\x86</Filter>
    </ClCompile>
    <ClCompile Include="C:\programming\substrata\opus\opus-1.3.1\celt\x86\vq_sse2.c">
      <Filter>celt\x86</Filter>
    </ClCompile>
    <ClCompile Include="C:\programming\substrata\opus\opus-1.3.1\celt\x86\x86cpu.c">
      <Filter>celt\x86</Filter>
    </ClCompile>
    <ClCompile Include="C:\programming\substrata\opus\opus-1.3.1\celt\x86\x86_celt_map.c">
      <Filter>celt\x86</Filter>
    </ClCompile>
    <ClCompile Include="C:\programming\substrata\opus\opus-1.3.1\silk\A2NLSF.c">
      <Filter>silk</Filter>
    </ClCompile>
    <ClCompile Include="C:\programming\substrata\opus\opus-1.3.1\silk\ana_filt_bank_1.c">
      <Filter>silk</Filter>
    </ClCompile>
    <ClCompile Include="C:\programming\substrata\opus\opus-1.3.1\silk\biquad_alt.c">
      <Filter>silk</Filter>
    </ClCompile>
    <ClCompile Include="C:\programming\substrata\opus\opus-1.3.1\silk\bwexpander.c">
      <Filter>silk</Filter>
    </ClCompile>
    <ClCompile Include="C:\programming\substrata\opus\opus-1.3.1\silk\bwexpander_32.c">
      <Filter>silk</Filter>
    </ClCompile>
    <ClCompile Include="C:\programming\substrata\opus\opus-1.3.1\silk\check_control_input.c">
      <Filter>silk</Filter>
    </ClCompile>
    <ClCompile Include="C:\programming\substrata\opus\opus-1.3.1\silk\CNG.c">
      <Filter>silk</Filter>
    </ClCompile>
    <ClCompile Include="C:\programming\substrata\opus\opus-1.3.1\silk\code_signs.c">
      <Filter>silk</Filter>
    </ClCompile>
    <ClCompile Include="C:\programming\substrata\opus\opus-1.3.1\silk\control_audio_bandwidth.c">
      <Filter>silk</Filter>
    </ClCompile>
    <ClCompile Include="C:\programming\substrata\opus\opus-1.3.1\silk\control_codec.c">
      <Filter>silk</Filter>
    </ClCompile>
    <ClCompile Include="C:\programming\substrata\opus\opus-1.3.1\silk\control_SNR.c">
      <Filter>silk</Filter>
    </ClCompile>
    <ClCompile Include="C:\programming\substrata\opus\opus-1.3.1\silk\debug.c">
      <Filter>silk</Filter>
    </ClCompile>
    <ClCompile Include="C:\programming\substrata\opus\opus-1.3.1\silk\decoder_set_fs.c">
      <Filter>silk</Filter>
    </ClCompile>
    <ClCompile Include="C:\programming\substrata\opus\opus-1.3.1\silk\decode_core.c">
      <Filter>silk</Filter>
    </ClCompile>
    <ClCompile Include="C:\programming\substrata\opus\opus-1.3.1\silk\decode_frame.c">
      <Filter>silk</Filter>
    </ClCompile>
    <ClCompile Include="C:\programming\substrata\opus\opus-1.3.1\silk\decode_indices.c">
      <Filter>silk</Filter>
    </ClCompile>
    <ClCompile Include="C:\programming\substrata\opus\opus-1.3.1\silk\decode_parameters.c">
      <Filter>silk</Filter>
    </ClCompile>
    <ClCompile Include="C:\programming\substrata\opus\opus-1.3.1\silk\decode_pitch.c">
      <Filter>silk</Filter>
    </ClCompile>
    <ClCompile Include="C:\programming\substrata\opus\opus-1.3.1\silk\decode_pulses.c">
      <Filter>silk</Filter>
    </ClCompile>
    <ClCompile Include="C:\programming\substrata\opus\opus-1.3.1\silk\dec_API.c">
      <Filter>silk</Filter>
    </ClCompile>
    <ClCompile Include="C:\programming\substrata\opus\opus-1.3.1\silk\encode_indices.c">
      <Filter>silk</Filter>
    </ClCompile>
    <ClCompile Include="C:\programming\substrata\opus\opus-1.3.1\silk\encode_pulses.c">
      <Filter>silk</Filter>
    </ClCompile>
    <ClCompile Include="C:\programming\substrata\opus\opus-1.3.1\silk\enc_API.c">
      <Filter>silk</Filter>
    </ClCompile>
    <ClCompile Include="C:\programming\substrata\opus\opus-1.3.1\silk\gain_quant.c">
      <Filter>silk</Filter>
    </ClCompile>
    <ClCompile Include="C:\programming\substrata\opus\opus-1.3.1\silk\HP_variable_cutoff.c">
      <Filter>silk</Filter>
    </ClCompile>
    <ClCompile Include="C:\programming\substrata\opus\opus-1.3.1\silk\init_decoder.c">
      <Filter>silk</Filter>
    </ClCompile>
    <ClCompile Include="C:\programming\substrata\opus\opus-1.3.1\silk\init_encoder.c">
      <Filter>silk</Filter>
    </ClCompile>
    <ClCompile Include="C:\programming\substrata\opus\opus-1.3.1\silk\inner_prod_aligned.c">
      <Filter>silk</Filter>
    </ClCompile>
    <ClCompile Include="C:\programming\substrata\opus\opus-1.3.1\silk\interpolate.c">
      <Filter>silk</Filter>
    </ClCompile>
    <ClCompile Include="C:\programming\substrata\opus\opus-1.3.1\silk\lin2log.c">
      <Filter>silk</Filter>
    </ClCompile>
    <ClCompile Include="C:\programming\substrata\opus\opus-1.3.1\silk\log2lin.c">
      <Filter>silk</Filter>
    </ClCompile>
    <ClCompile Include="C:\programming\substrata\opus\opus-1.3.1\silk\LPC_analysis_filter.c">
      <Filter>silk</Filter>
    </ClCompile>
    <ClCompile Include="C:\programming\substrata\opus\opus-1.3.1\silk\LPC_fit.c">
      <Filter>silk</Filter>
    </ClCompile>
    <ClCompile Include="C:\programming\substrata\opus\opus-1.3.1\silk\LPC_inv_pred_gain.c">
      <Filter>silk</Filter>
    </ClCompile>
    <ClCompile Include="C:\programming\substrata\opus\opus-1.3.1\silk\LP_variable_cutoff.c">
      <Filter>silk</Filter>
    </ClCompile>
    <ClCompile Include="C:\programming\substrata\opus\opus-1.3.1\silk\NLSF2A.c">
      <Filter>silk</Filter>
    </ClCompile>
    <ClCompile Include="C:\programming\substrata\opus\opus-1.3.1\silk\NLSF_decode.c">
      <Filter>silk</Filter>
    </ClCompile>
    <ClCompile Include="C:\programming\substrata\opus\opus-1.3.1\silk\NLSF_del_dec_quant.c">
      <Filter>silk</Filter>
    </ClCompile>
    <ClCompile Include="C:\programming\substrata\opus\opus-1.3.1\silk\NLSF_encode.c">
      <Filter>silk</Filter>
    </ClCompile>
    <ClCompile Include="C:\programming\substrata\opus\opus-1.3.1\silk\NLSF_stabilize.c">
      <Filter>silk</Filter>
    </ClCompile>
    <ClCompile Include="C:\programming\substrata\opus\opus-1.3.1\silk\NLSF_unpack.c">
      <Filter>silk</Filter>
    </ClCompile>
    <ClCompile Include="C:\programming\substrata\opus\opus-1.3.1\silk\NLSF_VQ.c">
      <Filter>silk</Filter>
    </ClCompile>
    <ClCompile Include="C:\programming\substrata\opus\opus-1.3.1\silk\NLSF_VQ_weights_laroia.c">
      <Filter>silk</Filter>
    </ClCompile>
    <ClCompile Include="C:\programming\substrata\opus\opus-1.3.1\silk\NSQ.c">
      <Filter>silk</Filter>
    </ClCompile>
    <ClCompile Include="C:\programming\substrata\opus\opus-1.3.1\silk\NSQ_del_dec.c">
      <Filter>silk</Filter>
    </ClCompile>
    <ClCompile Include="C:\programming\substrata\opus\opus-1.3.1\silk\pitch_est_tables.c">
      <Filter>silk</Filter>
    </ClCompile>
    <ClCompile Include="C:\programming\substrata\opus\opus-1.3.1\silk\PLC.c">
      <Filter>silk</Filter>
    </ClCompile>
    <ClCompile Include="C:\programming\substrata\opus\opus-1.3.1\silk\process_NLSFs.c">
      <Filter>silk</Filter>
    </ClCompile>
    <ClCompile Include="C:\programming\substrata\opus\opus-1.3.1\silk\quant_LTP_gains.c">
      <Filter>silk</Filter>
    </ClCompile>
    <ClCompile Include="C:\programming\substrata\opus\opus-1.3.1\silk\resampler.c">
      <Filter>silk</Filter>
    </ClCompile>
    <ClCompile Include="C:\programming\substrata\opus\opus-1.3.1\silk\resampler_down2.c">
      <Filter>silk</Filter>
    </ClCompile>
    <ClCompile Include="C:\programming\substrata\opus\opus-1.3.1\silk\resampler_down2_3.c">
      <Filter>silk</Filter>
    </ClCompile>
    <ClCompile Include="C:\programming\substrata\opus\opus-1.3.1\silk\resampler_private_AR2.c">
      <Filter>silk</Filter>
    </ClCompile>
    <ClCompile Include="C:\programming\substrata\opus\opus-1.3.1\silk\resampler_private_down_FIR.c">
      <Filter>silk</Filter>
    </ClCompile>
    <ClCompile Include="C:\programming\substrata\opus\opus-1.3.1\silk\resampler_private_IIR_FIR.c">
      <Filter>silk</Filter>
    </ClCompile>
    <ClCompile Include="C:\programming\substrata\opus\opus-1.3.1\silk\resampler_private_up2_HQ.c">
      <Filter>silk</Filter>
    </ClCompile>
    <ClCompile Include="C:\programming\substrata\opus\opus-1.3.1\silk\resampler_rom.c">
      <Filter>silk</Filter>
    </ClCompile>
    <ClCompile Include="C:\programming\substrata\opus\opus-1.3.1\silk\shell_coder.c">
      <Filter>silk</Filter>
    </ClCompile>
    <ClCompile Include="C:\programming\substrata\opus\opus-1.3.1\silk\sigm_Q15.c">
      <Filter>silk</Filter>
    </ClCompile>
    <ClCompile Include="C:\programming\substrata\opus\opus-1.3.1\silk\sort.c">
      <Filter>silk</Filter>
    </ClCompile>
    <ClCompile Include="C:\programming\substrata\opus\opus-1.3.1\silk\stereo_decode_pred.c">
      <Filter>silk</Filter>
    </ClCompile>
    <ClCompile Include="C:\programming\substrata\opus\opus-1.3.1\silk\stereo_encode_pred.c">
      <Filter>silk</Filter>
    </ClCompile>
    <ClCompile Include="C:\programming\substrata\opus\opus-1.3.1\silk\stereo_find_predictor.c">
      <Filter>silk</Filter>
    </ClCompile>
    <ClCompile Include="C:\programming\substrata\opus\opus-1.3.1\silk\stereo_LR_to_MS.c">
      <Filter>silk</Filter>
    </ClCompile>
    <ClCompile Include="C:\programming\substrata\opus\opus-1.3.1\silk\stereo_MS_to_LR.c">
      <Filter>silk</Filter>
    </ClCompile>
    <ClCompile Include="C:\programming\substrata\opus\opus-1.3.1\silk\stereo_quant_pred.c">
      <Filter>silk</Filter>
    </ClCompile>
    <ClCompile Include="C:\programming\substrata\opus\opus-1.3.1\silk\sum_sqr_shift.c">
      <Filter>silk</Filter>
    </ClCompile>
    <ClCompile Include="C:\programming\substrata\opus\opus-1.3.1\silk\tables_gain.c">
      <Filter>silk</Filter>
    </ClCompile>
    <ClCompile Include="C:\programming\substrata\opus\opus-1.3.1\silk\tables_LTP.c">
      <Filter>silk</Filter>
    </ClCompile>
    <ClCompile Include="C:\programming\substrata\opus\opus-1.3.1\silk\tables_NLSF_CB_NB_MB.c">
      <Filter>silk</Filter>
    </ClCompile>
    <ClCompile Include="C:\programming\substrata\opus\opus-1.3.1\silk\tables_NLSF_CB_WB.c">
      <Filter>silk</Filter>
    </ClCompile>
    <ClCompile Include="C:\programming\substrata\opus\opus-1.3.1\silk\tables_other.c">
      <Filter>silk</Filter>
    </ClCompile>
    <ClCompile Include="C:\programming\substrata\opus\opus-1.3.1\silk\tables_pitch_lag.c">
      <Filter>silk</Filter>
    </ClCompile>
    <ClCompile Include="C:\programming\substrata\opus\opus-1.3.1\silk\tables_pulses_per_block.c">
      <Filter>silk</Filter>
    </ClCompile>
    <ClCompile Include="C:\programming\substrata\opus\opus-1.3.1\silk\table_LSF_cos.c">
      <Filter>silk</Filter>
    </ClCompile>
    <ClCompile Include="C:\programming\substrata\opus\opus-1.3.1\silk\VAD.c">
      <Filter>silk</Filter>
    </ClCompile>
    <ClCompile Include="C:\programming\substrata\opus\opus-1.3.1\silk\VQ_WMat_EC.c">
      <Filter>silk</Filter>
    </ClCompile>
    <ClCompile Include="C:\programming\substrata\opus\opus-1.3.1\silk\float\apply_sine_window_FLP.c">
      <Filter>silk\float</Filter>
    </ClCompile>
    <ClCompile Include="C:\programming\substrata\opus\opus-1.3.1\silk\float\autocorrelation_FLP.c">
      <Filter>silk\float</Filter>
    </ClCompile>
    <ClCompile Include="C:\programming\substrata\opus\opus-1.3.1\silk\float\burg_modified_FLP.c">
      <Filter>silk\float</Filter>
    </ClCompile>
    <ClCompile Include="C:\programming\substrata\opus\opus-1.3.1\silk\float\bwexpander_FLP.c">
      <Filter>silk\float</Filter>
    </ClCompile>
    <ClCompile Include="C:\programming\substrata\opus\opus-1.3.1\silk\float\corrMatrix_FLP.c">
      <Filter>silk\float</Filter>
    </ClCompile>
    <ClCompile Include="C:\programming\substrata\opus\opus-1.3.1\silk\float\encode_frame_FLP.c">
      <Filter>silk\float</Filter>
    </ClCompile>
    <ClCompile Include="C:\programming\substrata\opus\opus-1.3.1\silk\float\energy_FLP.c">
      <Filter>silk\float</Filter>
    </ClCompile>
    <ClCompile Include="C:\programming\substrata\opus\opus-1.3.1\silk\float\find_LPC_FLP.c">
      <Filter>silk\float</Filter>
    </ClCompile>
    <ClCompile Include="C:\programming\substrata\opus\opus-1.3.1\silk\float\find_LTP_FLP.c">
      <Filter>silk\float</Filter>
    </ClCompile>
    <ClCompile Include="C:\programming\substrata\opus\opus-1.3.1\silk\float\find_pitch_lags_FLP.c">
      <Filter>silk\float</Filter>
    </ClCompile>
    <ClCompile Include="C:\programming\substrata\opus\opus-1.3.1\silk\float\find_pred_coefs_FLP.c">
      <Filter>silk\float</Filter>
    </ClCompile>
    <ClCompile Include="C:\programming\substrata\opus\opus-1.3.1\silk\float\inner_product_FLP.c">
      <Filter>silk\float</Filter>
    </ClCompile>
    <ClCompile Include="C:\programming\substrata\opus\opus-1.3.1\silk\float\k2a_FLP.c">
      <Filter>silk\float</Filter>
    </ClCompile>
    <ClCompile Include="C:\programming\substrata\opus\opus-1.3.1\silk\float\LPC_analysis_filter_FLP.c">
      <Filter>silk\float</Filter>
    </ClCompile>
    <ClCompile Include="C:\programming\substrata\opus\opus-1.3.1\silk\float\LPC_inv_pred_gain_FLP.c">
      <Filter>silk\float</Filter>
    </ClCompile>
    <ClCompile Include="C:\programming\substrata\opus\opus-1.3.1\silk\float\LTP_analysis_filter_FLP.c">
      <Filter>silk\float</Filter>
    </ClCompile>
    <ClCompile Include="C:\programming\substrata\opus\opus-1.3.1\silk\float\LTP_scale_ctrl_FLP.c">
      <Filter>silk\float</Filter>
    </ClCompile>
    <ClCompile Include="C:\programming\substrata\opus\opus-1.3.1\silk\float\noise_shape_analysis_FLP.c">
      <Filter>silk\float</Filter>
    </ClCompile>
    <ClCompile Include="C:\programming\substrata\opus\opus-1.3.1\silk\float\pitch_analysis_core_FLP.c">
      <Filter>silk\float</Filter>
    </ClCompile>
    <ClCompile Include="C:\programming\substrata\opus\opus-1.3.1\silk\float\process_gains_FLP.c">
      <Filter>silk\float</Filter>
    </ClCompile>
    <ClCompile Include="C:\programming\substrata\opus\opus-1.3.1\silk\float\regularize_correlations_FLP.c">
      <Filter>silk\float</Filter>
    </ClCompile>
    <ClCompile Include="C:\programming\substrata\opus\opus-1.3.1\silk\float\residual_energy_FLP.c">
      <Filter>silk\float</Filter>
    </ClCompile>
    <ClCompile Include="C:\programming\substrata\opus\opus-1.3.1\silk\float\scale_copy_vector_FLP.c">
      <Filter>silk\float</Filter>
    </ClCompile>
    <ClCompile Include="C:\programming\substrata\opus\opus-1.3.1\silk\float\scale_vector_FLP.c">
      <Filter>silk\float</Filter>
    </ClCompile>
    <ClCompile Include="C:\programming\substrata\opus\opus-1.3.1\silk\float\schur_FLP.c">
      <Filter>silk\float</Filter>
    </ClCompile>
    <ClCompile Include="C:\programming\substrata\opus\opus-1.3.1\silk\float\sort_FLP.c">
      <Filter>silk\float</Filter>
    </ClCompile>
    <ClCompile Include="C:\programming\substrata\opus\opus-1.3.1\silk\float\warped_autocorrelation_FLP.c">
      <Filter>silk\float</Filter>
    </ClCompile>
    <ClCompile Include="C:\programming\substrata\opus\opus-1.3.1\silk\float\wrappers_FLP.c">
      <Filter>silk\float</Filter>
    </ClCompile>
    <ClCompile Include="C:\programming\substrata\opus\opus-1.3.1\silk\x86\NSQ_del_dec_sse4_1.c">
      <Filter>silk\x86</Filter>
    </ClCompile>
    <ClCompile Include="C:\programming\substrata\opus\opus-1.3.1\silk\x86\NSQ_sse4_1.c">
      <Filter>silk\x86</Filter>
    </ClCompile>
    <ClCompile Include="C:\programming\substrata\opus\opus-1.3.1\silk\x86\VAD_sse4_1.c">
      <Filter>silk\x86</Filter>
    </ClCompile>
    <ClCompile Include="C:\programming\substrata\opus\opus-1.3.1\silk\x86\VQ_WMat_EC_sse4_1.c">
      <Filter>silk\x86</Filter>
    </ClCompile>
    <ClCompile Include="C:\programming\substrata\opus\opus-1.3.1\silk\x86\x86_silk_map.c">
      <Filter>silk\x86</Filter>
    </ClCompile>
  </ItemGroup>
  <ItemGroup>
    <ClInclude Include="C:\programming\substrata\opus\opus-1.3.1\src\analysis.h">
      <Filter>src</Filter>
    </ClInclude>
    <ClInclude Include="C:\programming\substrata\opus\opus-1.3.1\src\mapping_matrix.h">
      <Filter>src</Filter>
    </ClInclude>
    <ClInclude Include="C:\programming\substrata\opus\opus-1.3.1\src\mlp.h">
      <Filter>src</Filter>
    </ClInclude>
    <ClInclude Include="C:\programming\substrata\opus\opus-1.3.1\src\opus_private.h">
      <Filter>src</Filter>
    </ClInclude>
    <ClInclude Include="C:\programming\substrata\opus\opus-1.3.1\src\tansig_table.h">
      <Filter>src</Filter>
    </ClInclude>
    <ClInclude Include="C:\programming\substrata\opus\opus-1.3.1\include\opus.h">
      <Filter>include</Filter>
    </ClInclude>
    <ClInclude Include="C:\programming\substrata\opus\opus-1.3.1\include\opus_custom.h">
      <Filter>include</Filter>
    </ClInclude>
    <ClInclude Include="C:\programming\substrata\opus\opus-1.3.1\include\opus_defines.h">
      <Filter>include</Filter>
    </ClInclude>
    <ClInclude Include="C:\programming\substrata\opus\opus-1.3.1\include\opus_multistream.h">
      <Filter>include</Filter>
    </ClInclude>
    <ClInclude Include="C:\programming\substrata\opus\opus-1.3.1\include\opus_projection.h">
      <Filter>include</Filter>
    </ClInclude>
    <ClInclude Include="C:\programming\substrata\opus\opus-1.3.1\include\opus_types.h">
      <Filter>include</Filter>
    </ClInclude>
    <ClInclude Include="C:\programming\substrata\opus\opus-1.3.1\celt\arch.h">
      <Filter>celt</Filter>
    </ClInclude>
    <ClInclude Include="C:\programming\substrata\opus\opus-1.3.1\celt\bands.h">
      <Filter>celt</Filter>
    </ClInclude>
    <ClInclude Include="C:\programming\substrata\opus\opus-1.3.1\celt\celt.h">
      <Filter>celt</Filter>
    </ClInclude>
    <ClInclude Include="C:\programming\substrata\opus\opus-1.3.1\celt\celt_lpc.h">
      <Filter>celt</Filter>
    </ClInclude>
    <ClInclude Include="C:\programming\substrata\opus\opus-1.3.1\celt\cpu_support.h">
      <Filter>celt</Filter>
    </ClInclude>
    <ClInclude Include="C:\programming\substrata\opus\opus-1.3.1\celt\cwrs.h">
      <Filter>celt</Filter>
    </ClInclude>
    <ClInclude Include="C:\programming\substrata\opus\opus-1.3.1\celt\ecintrin.h">
      <Filter>celt</Filter>
    </ClInclude>
    <ClInclude Include="C:\programming\substrata\opus\opus-1.3.1\celt\entcode.h">
      <Filter>celt</Filter>
    </ClInclude>
    <ClInclude Include="C:\programming\substrata\opus\opus-1.3.1\celt\entdec.h">
      <Filter>celt</Filter>
    </ClInclude>
    <ClInclude Include="C:\programming\substrata\opus\opus-1.3.1\celt\entenc.h">
      <Filter>celt</Filter>
    </ClInclude>
    <ClInclude Include="C:\programming\substrata\opus\opus-1.3.1\celt\fixed_debug.h">
      <Filter>celt</Filter>
    </ClInclude>
    <ClInclude Include="C:\programming\substrata\opus\opus-1.3.1\celt\fixed_generic.h">
      <Filter>celt</Filter>
    </ClInclude>
    <ClInclude Include="C:\programming\substrata\opus\opus-1.3.1\celt\float_cast.h">
      <Filter>celt</Filter>
    </ClInclude>
    <ClInclude Include="C:\programming\substrata\opus\opus-1.3.1\celt\kiss_fft.h">
      <Filter>celt</Filter>
    </ClInclude>
    <ClInclude Include="C:\programming\substrata\opus\opus-1.3.1\celt\laplace.h">
      <Filter>celt</Filter>
    </ClInclude>
    <ClInclude Include="C:\programming\substrata\opus\opus-1.3.1\celt\mathops.h">
      <Filter>celt</Filter>
    </ClInclude>
    <ClInclude Include="C:\programming\substrata\opus\opus-1.3.1\celt\mdct.h">
      <Filter>celt</Filter>
    </ClInclude>
    <ClInclude Include="C:\programming\substrata\opus\opus-1.3.1\celt\mfrngcod.h">
      <Filter>celt</Filter>
    </ClInclude>
    <ClInclude Include="C:\programming\substrata\opus\opus-1.3.1\celt\modes.h">
      <Filter>celt</Filter>
    </ClInclude>
    <ClInclude Include="C:\programming\substrata\opus\opus-1.3.1\celt\os_support.h">
      <Filter>celt</Filter>
    </ClInclude>
    <ClInclude Include="C:\programming\substrata\opus\opus-1.3.1\celt\pitch.h">
      <Filter>celt</Filter>
    </ClInclude>
    <ClInclude Include="C:\programming\substrata\opus\opus-1.3.1\celt\quant_bands.h">
      <Filter>celt</Filter>
    </ClInclude>
    <ClInclude Include="C:\programming\substrata\opus\opus-1.3.1\celt\rate.h">
      <Filter>celt</Filter>
    </ClInclude>
    <ClInclude Include="C:\programming\substrata\opus\opus-1.3.1\celt\stack_alloc.h">
      <Filter>celt</Filter>
    </ClInclude>
    <ClInclude Include="C:\programming\substrata\opus\opus-1.3.1\celt\static_modes_fixed.h">
      <Filter>celt</Filter>
    </ClInclude>
    <ClInclude Include="C:\programming\substrata\opus\opus-1.3.1\celt\static_modes_fixed_arm_ne10.h">
      <Filter>celt</Filter>
    </ClInclude>
    <ClInclude Include="C:\programming\substrata\opus\opus-1.3.1\celt\static_modes_float.h">
      <Filter>celt</Filter>
    </ClInclude>
    <ClInclude Include="C:\programming\substrata\opus\opus-1.3.1\celt\static_modes_float_arm_ne10.h">
      <Filter>celt</Filter>
    </ClInclude>
    <ClInclude Include="C:\programming\substrata\opus\opus-1.3.1\celt\vq.h">
      <Filter>celt</Filter>
    </ClInclude>
    <ClInclude Include="C:\programming\substrata\opus\opus-1.3.1\celt\_kiss_fft_guts.h">
      <Filter>celt</Filter>
    </ClInclude>
    <ClInclude Include="C:\programming\substrata\opus\opus-1.3.1\celt\x86\celt_lpc_sse.h">
      <Filter>celt\x86</Filter>
    </ClInclude>
    <ClInclude Include="C:\programming\substrata\opus\opus-1.3.1\celt\x86\pitch_sse.h">
      <Filter>celt\x86</Filter>
    </ClInclude>
    <ClInclude Include="C:\programming\substrata\opus\opus-1.3.1\celt\x86\vq_sse.h">
      <Filter>celt\x86</Filter>
    </ClInclude>
    <ClInclude Include="C:\programming\substrata\opus\opus-1.3.1\celt\x86\x86cpu.h">
      <Filter>celt\x86</Filter>
    </ClInclude>
    <ClInclude Include="C:\programming\substrata\opus\opus-1.3.1\silk\API.h">
      <Filter>silk</Filter>
    </ClInclude>
    <ClInclude Include="C:\programming\substrata\opus\opus-1.3.1\silk\control.h">
      <Filter>silk</Filter>
    </ClInclude>
    <ClInclude Include="C:\programming\substrata\opus\opus-1.3.1\silk\debug.h">
      <Filter>silk</Filter>
    </ClInclude>
    <ClInclude Include="C:\programming\substrata\opus\opus-1.3.1\silk\define.h">
      <Filter>silk</Filter>
    </ClInclude>
    <ClInclude Include="C:\programming\substrata\opus\opus-1.3.1\silk\errors.h">
      <Filter>silk</Filter>
    </ClInclude>
    <ClInclude Include="C:\programming\substrata\opus\opus-1.3.1\silk\Inlines.h">
      <Filter>silk</Filter>
    </ClInclude>
    <ClInclude Include="C:\programming\substrata\opus\opus-1.3.1\silk\MacroCount.h">
      <Filter>silk</Filter>
    </ClInclude>
    <ClInclude Include="C:\programming\substrata\opus\opus-1.3.1\silk\MacroDebug.h">
      <Filter>silk</Filter>
    </ClInclude>
    <ClInclude Include="C:\programming\substrata\opus\opus-1.3.1\silk\macros.h">
      <Filter>silk</Filter>
    </ClInclude>
    <ClInclude Include="C:\programming\substrata\opus\opus-1.3.1\silk\main.h">
      <Filter>silk</Filter>
    </ClInclude>
    <ClInclude Include="C:\programming\substrata\opus\opus-1.3.1\silk\NSQ.h">
      <Filter>silk</Filter>
    </ClInclude>
    <ClInclude Include="C:\programming\substrata\opus\opus-1.3.1\silk\pitch_est_defines.h">
      <Filter>silk</Filter>
    </ClInclude>
    <ClInclude Include="C:\programming\substrata\opus\opus-1.3.1\silk\PLC.h">
      <Filter>silk</Filter>
    </ClInclude>
    <ClInclude Include="C:\programming\substrata\opus\opus-1.3.1\silk\resampler_private.h">
      <Filter>silk</Filter>
    </ClInclude>
    <ClInclude Include="C:\programming\substrata\opus\opus-1.3.1\silk\resampler_rom.h">
      <Filter>silk</Filter>
    </ClInclude>
    <ClInclude Include="C:\programming\substrata\opus\opus-1.3.1\silk\resampler_structs.h">
      <Filter>silk</Filter>
    </ClInclude>
    <ClInclude Include="C:\programming\substrata\opus\opus-1.3.1\silk\SigProc_FIX.h">
      <Filter>silk</Filter>
    </ClInclude>
    <ClInclude Include="C:\programming\substrata\opus\opus-1.3.1\silk\structs.h">
      <Filter>silk</Filter>
    </ClInclude>
    <ClInclude Include="C:\programming\substrata\opus\opus-1.3.1\silk\tables.h">
      <Filter>silk</Filter>
    </ClInclude>
    <ClInclude Include="C:\programming\substrata\opus\opus-1.3.1\silk\tuning_parameters.h">
      <Filter>silk</Filter>
    </ClInclude>
    <ClInclude Include="C:\programming\substrata\opus\opus-1.3.1\silk\typedef.h">
      <Filter>silk</Filter>
    </ClInclude>
    <ClInclude Include="C:\programming\substrata\opus\opus-1.3.1\silk\float\main_FLP.h">
      <Filter>silk\float</Filter>
    </ClInclude>
    <ClInclude Include="C:\programming\substrata\opus\opus-1.3.1\silk\float\SigProc_FLP.h">
      <Filter>silk\float</Filter>
    </ClInclude>
    <ClInclude Include="C:\programming\substrata\opus\opus-1.3.1\silk\float\structs_FLP.h">
      <Filter>silk\float</Filter>
    </ClInclude>
    <ClInclude Include="C:\programming\substrata\opus\opus-1.3.1\silk\x86\main_sse.h">
      <Filter>silk\x86</Filter>
    </ClInclude>
    <ClInclude Include="C:\programming\substrata\opus\opus-1.3.1\silk\x86\SigProc_FIX_sse.h">
      <Filter>silk\x86</Filter>
    </ClInclude>
  </ItemGroup>
  <ItemGroup>
    <CustomBuild Include="C:\programming\substrata\gui_client\CMakeLists.txt">
      <Filter>gui_client</Filter>
    </CustomBuild>
  </ItemGroup>
  <ItemGroup>
    <Filter Include="celt">
      <UniqueIdentifier>{0626D8C0-48F5-3A1F-A32F-5E8FF25EA7B4}</UniqueIdentifier>
    </Filter>
    <Filter Include="celt\x86">
      <UniqueIdentifier>{C155DB4E-BAFB-37E2-8178-3AB89AE71CE5}</UniqueIdentifier>
    </Filter>
    <Filter Include="gui_client">
      <UniqueIdentifier>{E8C284DE-3AB2-387F-BA7B-254DB9DD0DC6}</UniqueIdentifier>
    </Filter>
    <Filter Include="include">
      <UniqueIdentifier>{ECFD9439-CD1A-3A39-81A3-4AFB937C0EC0}</UniqueIdentifier>
    </Filter>
    <Filter Include="silk">
      <UniqueIdentifier>{DE01B6BD-AD80-381C-901C-25DCDDF3F9EE}</UniqueIdentifier>
    </Filter>
    <Filter Include="silk\float">
      <UniqueIdentifier>{3095E46D-9398-3D31-A8F9-6E167990630C}</UniqueIdentifier>
    </Filter>
    <Filter Include="silk\x86">
      <UniqueIdentifier>{83D5F814-C798-3FEC-A423-9CECB20D0B17}</UniqueIdentifier>
    </Filter>
    <Filter Include="src">
      <UniqueIdentifier>{C938F568-8783-348E-BF52-B572AB542227}</UniqueIdentifier>
    </Filter>
  </ItemGroup>
</Project>
