
Microsoft Visual Studio Solution File, Format Version 12.00
# Visual Studio Version 17
Project("{8BC9CEB8-8B4A-11D0-8D11-00A0C91BC942}") = "ALL_BUILD", "ALL_BUILD.vcxproj", "{7486E54A-575B-3DD0-9459-AB8E2C943643}"
	ProjectSection(ProjectDependencies) = postProject
		{FCBDC20C-B888-35EE-A926-6B0CD070DE1F} = {FCBDC20C-B888-35EE-A926-6B0CD070DE1F}
		{25F248BF-375B-3EB3-BE31-C2F25760A2F1} = {25F248BF-375B-3EB3-BE31-C2F25760A2F1}
		{7D712B6F-280A-334B-A611-2F2319EEBD4B} = {7D712B6F-280A-334B-A611-2F2319EEBD4B}
		{436B4429-6DEB-3CA2-AF89-5E9E63817941} = {436B4429-6DEB-3CA2-AF89-5E9E63817941}
		{FA257F59-4264-37D9-9883-C44C2C28CBAB} = {FA257F59-4264-37D9-9883-C44C2C28CBAB}
		{11679139-B2DC-3245-8BB8-A1F82828188E} = {11679139-B2DC-3245-8BB8-A1F82828188E}
	EndProjectSection
EndProject
Project("{8BC9CEB8-8B4A-11D0-8D11-00A0C91BC942}") = "Jolt", "gui_client\Jolt.vcxproj", "{FCBDC20C-B888-35EE-A926-6B0CD070DE1F}"
	ProjectSection(ProjectDependencies) = postProject
		{7D712B6F-280A-334B-A611-2F2319EEBD4B} = {7D712B6F-280A-334B-A611-2F2319EEBD4B}
	EndProjectSection
EndProject
Project("{8BC9CEB8-8B4A-11D0-8D11-00A0C91BC942}") = "Opus", "gui_client\Opus.vcxproj", "{25F248BF-375B-3EB3-BE31-C2F25760A2F1}"
	ProjectSection(ProjectDependencies) = postProject
		{7D712B6F-280A-334B-A611-2F2319EEBD4B} = {7D712B6F-280A-334B-A611-2F2319EEBD4B}
	EndProjectSection
EndProject
Project("{8BC9CEB8-8B4A-11D0-8D11-00A0C91BC942}") = "ZERO_CHECK", "ZERO_CHECK.vcxproj", "{7D712B6F-280A-334B-A611-2F2319EEBD4B}"
	ProjectSection(ProjectDependencies) = postProject
	EndProjectSection
EndProject
Project("{8BC9CEB8-8B4A-11D0-8D11-00A0C91BC942}") = "gui_client", "gui_client\gui_client.vcxproj", "{436B4429-6DEB-3CA2-AF89-5E9E63817941}"
	ProjectSection(ProjectDependencies) = postProject
		{FCBDC20C-B888-35EE-A926-6B0CD070DE1F} = {FCBDC20C-B888-35EE-A926-6B0CD070DE1F}
		{25F248BF-375B-3EB3-BE31-C2F25760A2F1} = {25F248BF-375B-3EB3-BE31-C2F25760A2F1}
		{7D712B6F-280A-334B-A611-2F2319EEBD4B} = {7D712B6F-280A-334B-A611-2F2319EEBD4B}
		{FA257F59-4264-37D9-9883-C44C2C28CBAB} = {FA257F59-4264-37D9-9883-C44C2C28CBAB}
	EndProjectSection
EndProject
Project("{8BC9CEB8-8B4A-11D0-8D11-00A0C91BC942}") = "libs", "libs\libs.vcxproj", "{FA257F59-4264-37D9-9883-C44C2C28CBAB}"
	ProjectSection(ProjectDependencies) = postProject
		{7D712B6F-280A-334B-A611-2F2319EEBD4B} = {7D712B6F-280A-334B-A611-2F2319EEBD4B}
	EndProjectSection
EndProject
Project("{8BC9CEB8-8B4A-11D0-8D11-00A0C91BC942}") = "server", "server\server.vcxproj", "{11679139-B2DC-3245-8BB8-A1F82828188E}"
	ProjectSection(ProjectDependencies) = postProject
		{7D712B6F-280A-334B-A611-2F2319EEBD4B} = {7D712B6F-280A-334B-A611-2F2319EEBD4B}
		{FA257F59-4264-37D9-9883-C44C2C28CBAB} = {FA257F59-4264-37D9-9883-C44C2C28CBAB}
	EndProjectSection
EndProject
Global
	GlobalSection(SolutionConfigurationPlatforms) = preSolution
		Debug|x64 = Debug|x64
		Release|x64 = Release|x64
		RelWithDebInfo|x64 = RelWithDebInfo|x64
	EndGlobalSection
	GlobalSection(ProjectConfigurationPlatforms) = postSolution
		{7486E54A-575B-3DD0-9459-AB8E2C943643}.Debug|x64.ActiveCfg = Debug|x64
		{7486E54A-575B-3DD0-9459-AB8E2C943643}.Release|x64.ActiveCfg = Release|x64
		{7486E54A-575B-3DD0-9459-AB8E2C943643}.RelWithDebInfo|x64.ActiveCfg = RelWithDebInfo|x64
		{FCBDC20C-B888-35EE-A926-6B0CD070DE1F}.Debug|x64.ActiveCfg = Debug|x64
		{FCBDC20C-B888-35EE-A926-6B0CD070DE1F}.Debug|x64.Build.0 = Debug|x64
		{FCBDC20C-B888-35EE-A926-6B0CD070DE1F}.Release|x64.ActiveCfg = Release|x64
		{FCBDC20C-B888-35EE-A926-6B0CD070DE1F}.Release|x64.Build.0 = Release|x64
		{FCBDC20C-B888-35EE-A926-6B0CD070DE1F}.RelWithDebInfo|x64.ActiveCfg = RelWithDebInfo|x64
		{FCBDC20C-B888-35EE-A926-6B0CD070DE1F}.RelWithDebInfo|x64.Build.0 = RelWithDebInfo|x64
		{25F248BF-375B-3EB3-BE31-C2F25760A2F1}.Debug|x64.ActiveCfg = Debug|x64
		{25F248BF-375B-3EB3-BE31-C2F25760A2F1}.Debug|x64.Build.0 = Debug|x64
		{25F248BF-375B-3EB3-BE31-C2F25760A2F1}.Release|x64.ActiveCfg = Release|x64
		{25F248BF-375B-3EB3-BE31-C2F25760A2F1}.Release|x64.Build.0 = Release|x64
		{25F248BF-375B-3EB3-BE31-C2F25760A2F1}.RelWithDebInfo|x64.ActiveCfg = RelWithDebInfo|x64
		{25F248BF-375B-3EB3-BE31-C2F25760A2F1}.RelWithDebInfo|x64.Build.0 = RelWithDebInfo|x64
		{7D712B6F-280A-334B-A611-2F2319EEBD4B}.Debug|x64.ActiveCfg = Debug|x64
		{7D712B6F-280A-334B-A611-2F2319EEBD4B}.Debug|x64.Build.0 = Debug|x64
		{7D712B6F-280A-334B-A611-2F2319EEBD4B}.Release|x64.ActiveCfg = Release|x64
		{7D712B6F-280A-334B-A611-2F2319EEBD4B}.Release|x64.Build.0 = Release|x64
		{7D712B6F-280A-334B-A611-2F2319EEBD4B}.RelWithDebInfo|x64.ActiveCfg = RelWithDebInfo|x64
		{7D712B6F-280A-334B-A611-2F2319EEBD4B}.RelWithDebInfo|x64.Build.0 = RelWithDebInfo|x64
		{436B4429-6DEB-3CA2-AF89-5E9E63817941}.Debug|x64.ActiveCfg = Debug|x64
		{436B4429-6DEB-3CA2-AF89-5E9E63817941}.Debug|x64.Build.0 = Debug|x64
		{436B4429-6DEB-3CA2-AF89-5E9E63817941}.Release|x64.ActiveCfg = Release|x64
		{436B4429-6DEB-3CA2-AF89-5E9E63817941}.Release|x64.Build.0 = Release|x64
		{436B4429-6DEB-3CA2-AF89-5E9E63817941}.RelWithDebInfo|x64.ActiveCfg = RelWithDebInfo|x64
		{436B4429-6DEB-3CA2-AF89-5E9E63817941}.RelWithDebInfo|x64.Build.0 = RelWithDebInfo|x64
		{FA257F59-4264-37D9-9883-C44C2C28CBAB}.Debug|x64.ActiveCfg = Debug|x64
		{FA257F59-4264-37D9-9883-C44C2C28CBAB}.Debug|x64.Build.0 = Debug|x64
		{FA257F59-4264-37D9-9883-C44C2C28CBAB}.Release|x64.ActiveCfg = Release|x64
		{FA257F59-4264-37D9-9883-C44C2C28CBAB}.Release|x64.Build.0 = Release|x64
		{FA257F59-4264-37D9-9883-C44C2C28CBAB}.RelWithDebInfo|x64.ActiveCfg = RelWithDebInfo|x64
		{FA257F59-4264-37D9-9883-C44C2C28CBAB}.RelWithDebInfo|x64.Build.0 = RelWithDebInfo|x64
		{11679139-B2DC-3245-8BB8-A1F82828188E}.Debug|x64.ActiveCfg = Debug|x64
		{11679139-B2DC-3245-8BB8-A1F82828188E}.Debug|x64.Build.0 = Debug|x64
		{11679139-B2DC-3245-8BB8-A1F82828188E}.Release|x64.ActiveCfg = Release|x64
		{11679139-B2DC-3245-8BB8-A1F82828188E}.Release|x64.Build.0 = Release|x64
		{11679139-B2DC-3245-8BB8-A1F82828188E}.RelWithDebInfo|x64.ActiveCfg = RelWithDebInfo|x64
		{11679139-B2DC-3245-8BB8-A1F82828188E}.RelWithDebInfo|x64.Build.0 = RelWithDebInfo|x64
	EndGlobalSection
	GlobalSection(ExtensibilityGlobals) = postSolution
		SolutionGuid = {400FB98A-1E97-340A-B75E-F5F431A0B353}
	EndGlobalSection
	GlobalSection(ExtensibilityAddIns) = postSolution
	EndGlobalSection
EndGlobal
